
Microsoft Visual Studio Solution File, Format Version 12.00
# Visual Studio 15
VisualStudioVersion = 15.0.27428.2037
MinimumVisualStudioVersion = 10.0.40219.1
Project("{8BC9CEB8-8B4A-11D0-8D11-00A0C91BC942}") = "Client", "Client\Client.vcxproj", "{B08BA912-EA38-4C57-87FE-7C74644B2ED5}"
EndProject
Global
	GlobalSection(SolutionConfigurationPlatforms) = preSolution
		Debug|x64 = Debug|x64
		Debug|x86 = Debug|x86
		Release|x64 = Release|x64
		Release|x86 = Release|x86
	EndGlobalSection
	GlobalSection(ProjectConfigurationPlatforms) = postSolution
		{B08BA912-EA38-4C57-87FE-7C74644B2ED5}.Debug|x64.ActiveCfg = Debug|x64
		{B08BA912-EA38-4C57-87FE-7C74644B2ED5}.Debug|x64.Build.0 = Debug|x64
		{B08BA912-EA38-4C57-87FE-7C74644B2ED5}.Debug|x86.ActiveCfg = Debug|Win32
		{B08BA912-EA38-4C57-87FE-7C74644B2ED5}.Debug|x86.Build.0 = Debug|Win32
		{B08BA912-EA38-4C57-87FE-7C74644B2ED5}.Release|x64.ActiveCfg = Release|x64
		{B08BA912-EA38-4C57-87FE-7C74644B2ED5}.Release|x64.Build.0 = Release|x64
		{B08BA912-EA38-4C57-87FE-7C74644B2ED5}.Release|x86.ActiveCfg = Release|Win32
		{B08BA912-EA38-4C57-87FE-7C74644B2ED5}.Release|x86.Build.0 = Release|Win32
	EndGlobalSection
	GlobalSection(SolutionProperties) = preSolution
		HideSolutionNode = FALSE
	EndGlobalSection
	GlobalSection(ExtensibilityGlobals) = postSolution
		SolutionGuid = {C3CD7AD2-54B9-4D68-8A5F-C07C8E4AD888}
	EndGlobalSection
EndGlobal
